
Microsoft Visual Studio Solution File, Format Version 12.00
# Visual Studio Version 16
VisualStudioVersion = 16.0.29215.179
MinimumVisualStudioVersion = 10.0.40219.1
Project("{2150E333-8FDC-42A3-9474-1A3956D46DE8}") = "src", "src", "{605A2168-9218-4992-92C3-F59D9D268834}"
EndProject
Project("{2150E333-8FDC-42A3-9474-1A3956D46DE8}") = "tests", "tests", "{AFAC1FF2-E1FB-4D6A-BA47-1711C0CD91FB}"
EndProject
Project("{FAE04EC0-301F-11D3-BF4B-00C04F79EFBC}") = "MGroup.Materials", "src\MGroup.Materials\MGroup.Materials.csproj", "{7C73582A-0316-4857-AC20-A7A9477D84B3}"
EndProject
Project("{FAE04EC0-301F-11D3-BF4B-00C04F79EFBC}") = "MGroup.Problems", "src\MGroup.Problems\MGroup.Problems.csproj", "{3C2D11A3-DB37-48DD-9A0C-4945845C2E6A}"
EndProject
Project("{FAE04EC0-301F-11D3-BF4B-00C04F79EFBC}") = "MGroup.Multiscale", "src\MGroup.Multiscale\MGroup.Multiscale.csproj", "{DC85E117-D3CB-4D0E-81C9-23BCDE31652D}"
EndProject
Project("{FAE04EC0-301F-11D3-BF4B-00C04F79EFBC}") = "MGroup.Multiscale.Tests", "tests\MGroup.Multiscale.Tests\MGroup.Multiscale.Tests.csproj", "{5C2A17C9-D208-41A3-B9AF-2287C145D881}"
EndProject
Global
	GlobalSection(SolutionConfigurationPlatforms) = preSolution
		Debug|Any CPU = Debug|Any CPU
		Release|Any CPU = Release|Any CPU
	EndGlobalSection
	GlobalSection(ProjectConfigurationPlatforms) = postSolution
		{7C73582A-0316-4857-AC20-A7A9477D84B3}.Debug|Any CPU.ActiveCfg = Debug|Any CPU
		{7C73582A-0316-4857-AC20-A7A9477D84B3}.Debug|Any CPU.Build.0 = Debug|Any CPU
		{7C73582A-0316-4857-AC20-A7A9477D84B3}.Release|Any CPU.ActiveCfg = Release|Any CPU
		{7C73582A-0316-4857-AC20-A7A9477D84B3}.Release|Any CPU.Build.0 = Release|Any CPU
		{3C2D11A3-DB37-48DD-9A0C-4945845C2E6A}.Debug|Any CPU.ActiveCfg = Debug|Any CPU
		{3C2D11A3-DB37-48DD-9A0C-4945845C2E6A}.Debug|Any CPU.Build.0 = Debug|Any CPU
		{3C2D11A3-DB37-48DD-9A0C-4945845C2E6A}.Release|Any CPU.ActiveCfg = Release|Any CPU
		{3C2D11A3-DB37-48DD-9A0C-4945845C2E6A}.Release|Any CPU.Build.0 = Release|Any CPU
		{DC85E117-D3CB-4D0E-81C9-23BCDE31652D}.Debug|Any CPU.ActiveCfg = Debug|Any CPU
		{DC85E117-D3CB-4D0E-81C9-23BCDE31652D}.Debug|Any CPU.Build.0 = Debug|Any CPU
		{DC85E117-D3CB-4D0E-81C9-23BCDE31652D}.Release|Any CPU.ActiveCfg = Release|Any CPU
		{DC85E117-D3CB-4D0E-81C9-23BCDE31652D}.Release|Any CPU.Build.0 = Release|Any CPU
		{5C2A17C9-D208-41A3-B9AF-2287C145D881}.Debug|Any CPU.ActiveCfg = Debug|Any CPU
		{5C2A17C9-D208-41A3-B9AF-2287C145D881}.Debug|Any CPU.Build.0 = Debug|Any CPU
		{5C2A17C9-D208-41A3-B9AF-2287C145D881}.Release|Any CPU.ActiveCfg = Release|Any CPU
		{5C2A17C9-D208-41A3-B9AF-2287C145D881}.Release|Any CPU.Build.0 = Release|Any CPU
	EndGlobalSection
	GlobalSection(SolutionProperties) = preSolution
		HideSolutionNode = FALSE
	EndGlobalSection
	GlobalSection(NestedProjects) = preSolution
		{7C73582A-0316-4857-AC20-A7A9477D84B3} = {605A2168-9218-4992-92C3-F59D9D268834}
		{3C2D11A3-DB37-48DD-9A0C-4945845C2E6A} = {605A2168-9218-4992-92C3-F59D9D268834}
		{DC85E117-D3CB-4D0E-81C9-23BCDE31652D} = {605A2168-9218-4992-92C3-F59D9D268834}
		{5C2A17C9-D208-41A3-B9AF-2287C145D881} = {AFAC1FF2-E1FB-4D6A-BA47-1711C0CD91FB}
	EndGlobalSection
	GlobalSection(ExtensibilityGlobals) = postSolution
		SolutionGuid = {AA335BA1-EE20-45AD-AE66-B0408B577C10}
	EndGlobalSection
EndGlobal
